
Microsoft Visual Studio Solution File, Format Version 12.00
# Visual Studio Version 16
VisualStudioVersion = 16.0.30611.23
MinimumVisualStudioVersion = 10.0.40219.1
Project("{FAE04EC0-301F-11D3-BF4B-00C04F79EFBC}") = "CameraCapture", "CameraCapture\CameraCapture.csproj", "{E9113004-E043-4EA6-8C88-9B75B585F11A}"
EndProject
Global
	GlobalSection(SolutionConfigurationPlatforms) = preSolution
		Debug|Any CPU = Debug|Any CPU
		Release|Any CPU = Release|Any CPU
	EndGlobalSection
	GlobalSection(ProjectConfigurationPlatforms) = postSolution
		{E9113004-E043-4EA6-8C88-9B75B585F11A}.Debug|Any CPU.ActiveCfg = Debug|Any CPU
		{E9113004-E043-4EA6-8C88-9B75B585F11A}.Debug|Any CPU.Build.0 = Debug|Any CPU
		{E9113004-E043-4EA6-8C88-9B75B585F11A}.Release|Any CPU.ActiveCfg = Release|Any CPU
		{E9113004-E043-4EA6-8C88-9B75B585F11A}.Release|Any CPU.Build.0 = Release|Any CPU
	EndGlobalSection
	GlobalSection(SolutionProperties) = preSolution
		HideSolutionNode = FALSE
	EndGlobalSection
	GlobalSection(ExtensibilityGlobals) = postSolution
		SolutionGuid = {789E6AFC-9C65-4B97-AF9B-6054F2C98596}
	EndGlobalSection
EndGlobal
